
Microsoft Visual Studio Solution File, Format Version 12.00
# Visual Studio Version 17
VisualStudioVersion = 17.5.002.0
MinimumVisualStudioVersion = 10.0.40219.1
Project("{9A19103F-16F7-4668-BE54-9A1E7A4F7556}") = "WebAPI", "WebAPI\WebAPI.csproj", "{80744BD9-7A31-4D18-A3E9-F287F7467C07}"
EndProject
Global
	GlobalSection(SolutionConfigurationPlatforms) = preSolution
		Debug|Any CPU = Debug|Any CPU
		Release|Any CPU = Release|Any CPU
	EndGlobalSection
	GlobalSection(ProjectConfigurationPlatforms) = postSolution
		{80744BD9-7A31-4D18-A3E9-F287F7467C07}.Debug|Any CPU.ActiveCfg = Debug|Any CPU
		{80744BD9-7A31-4D18-A3E9-F287F7467C07}.Debug|Any CPU.Build.0 = Debug|Any CPU
		{80744BD9-7A31-4D18-A3E9-F287F7467C07}.Release|Any CPU.ActiveCfg = Release|Any CPU
		{80744BD9-7A31-4D18-A3E9-F287F7467C07}.Release|Any CPU.Build.0 = Release|Any CPU
	EndGlobalSection
	GlobalSection(SolutionProperties) = preSolution
		HideSolutionNode = FALSE
	EndGlobalSection
	GlobalSection(ExtensibilityGlobals) = postSolution
		SolutionGuid = {E8EBA58E-F878-4DDB-A7AF-65942CEF7550}
	EndGlobalSection
EndGlobal
